{
  "name": "gwendoux",
  "version": "2.1.2",
  "dependencies": {
    "jquery": {
      "version": "2.2.0",
      "from": "jquery@2.2.0",
      "resolved": "https://registry.npmjs.org/jquery/-/jquery-2.2.0.tgz"
    },
    "loglevel": {
      "version": "1.4.0",
      "from": "loglevel@1.4.0",
      "resolved": "https://registry.npmjs.org/loglevel/-/loglevel-1.4.0.tgz"
    },
    "moment": {
      "version": "2.11.1",
      "from": "moment@2.11.1",
      "resolved": "https://registry.npmjs.org/moment/-/moment-2.11.1.tgz"
    }
  }
}
